// !$*UTF8*$!
{
	archiveVersion = 1;
	classes = {
	};
	objectVersion = 46;
	objects = {

/* Begin PBXBuildFile section */
		4F8D21701F4BE79A00350006 /* AppDelegate.swift in Sources */ = {isa = PBXBuildFile; fileRef = 4F8D216F1F4BE79A00350006 /* AppDelegate.swift */; };
		4F8D21721F4BE79A00350006 /* ViewController.swift in Sources */ = {isa = PBXBuildFile; fileRef = 4F8D21711F4BE79A00350006 /* ViewController.swift */; };
		4F8D21751F4BE79A00350006 /* Main.storyboard in Resources */ = {isa = PBXBuildFile; fileRef = 4F8D21731F4BE79A00350006 /* Main.storyboard */; };
		4F8D21771F4BE79A00350006 /* Assets.xcassets in Resources */ = {isa = PBXBuildFile; fileRef = 4F8D21761F4BE79A00350006 /* Assets.xcassets */; };
		4F8D217A1F4BE79A00350006 /* LaunchScreen.storyboard in Resources */ = {isa = PBXBuildFile; fileRef = 4F8D21781F4BE79A00350006 /* LaunchScreen.storyboard */; };
		4F8D21851F4BE79B00350006 /* podcastAppTests.swift in Sources */ = {isa = PBXBuildFile; fileRef = 4F8D21841F4BE79B00350006 /* podcastAppTests.swift */; };
		4F8D21901F4BE79B00350006 /* podcastAppUITests.swift in Sources */ = {isa = PBXBuildFile; fileRef = 4F8D218F1F4BE79B00350006 /* podcastAppUITests.swift */; };
/* End PBXBuildFile section */

/* Begin PBXContainerItemProxy section */
		4F8D21811F4BE79A00350006 /* PBXContainerItemProxy */ = {
			isa = PBXContainerItemProxy;
			containerPortal = 4F8D21641F4BE79A00350006 /* Project object */;
			proxyType = 1;
			remoteGlobalIDString = 4F8D216B1F4BE79A00350006;
			remoteInfo = podcastApp;
		};
		4F8D218C1F4BE79B00350006 /* PBXContainerItemProxy */ = {
			isa = PBXContainerItemProxy;
			containerPortal = 4F8D21641F4BE79A00350006 /* Project object */;
			proxyType = 1;
			remoteGlobalIDString = 4F8D216B1F4BE79A00350006;
			remoteInfo = podcastApp;
		};
/* End PBXContainerItemProxy section */

/* Begin PBXFileReference section */
		4F8D216C1F4BE79A00350006 /* podcastApp.app */ = {isa = PBXFileReference; explicitFileType = wrapper.application; includeInIndex = 0; path = podcastApp.app; sourceTree = BUILT_PRODUCTS_DIR; };
		4F8D216F1F4BE79A00350006 /* AppDelegate.swift */ = {isa = PBXFileReference; lastKnownFileType = sourcecode.swift; path = AppDelegate.swift; sourceTree = "<group>"; };
		4F8D21711F4BE79A00350006 /* ViewController.swift */ = {isa = PBXFileReference; lastKnownFileType = sourcecode.swift; path = ViewController.swift; sourceTree = "<group>"; };
		4F8D21741F4BE79A00350006 /* Base */ = {isa = PBXFileReference; lastKnownFileType = file.storyboard; name = Base; path = Base.lproj/Main.storyboard; sourceTree = "<group>"; };
		4F8D21761F4BE79A00350006 /* Assets.xcassets */ = {isa = PBXFileReference; lastKnownFileType = folder.assetcatalog; path = Assets.xcassets; sourceTree = "<group>"; };
		4F8D21791F4BE79A00350006 /* Base */ = {isa = PBXFileReference; lastKnownFileType = file.storyboard; name = Base; path = Base.lproj/LaunchScreen.storyboard; sourceTree = "<group>"; };
		4F8D217B1F4BE79A00350006 /* Info.plist */ = {isa = PBXFileReference; lastKnownFileType = text.plist.xml; path = Info.plist; sourceTree = "<group>"; };
		4F8D21801F4BE79A00350006 /* podcastAppTests.xctest */ = {isa = PBXFileReference; explicitFileType = wrapper.cfbundle; includeInIndex = 0; path = podcastAppTests.xctest; sourceTree = BUILT_PRODUCTS_DIR; };
		4F8D21841F4BE79B00350006 /* podcastAppTests.swift */ = {isa = PBXFileReference; lastKnownFileType = sourcecode.swift; path = podcastAppTests.swift; sourceTree = "<group>"; };
		4F8D21861F4BE79B00350006 /* Info.plist */ = {isa = PBXFileReference; lastKnownFileType = text.plist.xml; path = Info.plist; sourceTree = "<group>"; };
		4F8D218B1F4BE79B00350006 /* podcastAppUITests.xctest */ = {isa = PBXFileReference; explicitFileType = wrapper.cfbundle; includeInIndex = 0; path = podcastAppUITests.xctest; sourceTree = BUILT_PRODUCTS_DIR; };
		4F8D218F1F4BE79B00350006 /* podcastAppUITests.swift */ = {isa = PBXFileReference; lastKnownFileType = sourcecode.swift; path = podcastAppUITests.swift; sourceTree = "<group>"; };
		4F8D21911F4BE79B00350006 /* Info.plist */ = {isa = PBXFileReference; lastKnownFileType = text.plist.xml; path = Info.plist; sourceTree = "<group>"; };
/* End PBXFileReference section */

/* Begin PBXFrameworksBuildPhase section */
		4F8D21691F4BE79A00350006 /* Frameworks */ = {
			isa = PBXFrameworksBuildPhase;
			buildActionMask = 2147483647;
			files = (
			);
			runOnlyForDeploymentPostprocessing = 0;
		};
		4F8D217D1F4BE79A00350006 /* Frameworks */ = {
			isa = PBXFrameworksBuildPhase;
			buildActionMask = 2147483647;
			files = (
			);
			runOnlyForDeploymentPostprocessing = 0;
		};
		4F8D21881F4BE79B00350006 /* Frameworks */ = {
			isa = PBXFrameworksBuildPhase;
			buildActionMask = 2147483647;
			files = (
			);
			runOnlyForDeploymentPostprocessing = 0;
		};
/* End PBXFrameworksBuildPhase section */

/* Begin PBXGroup section */
		4F8D21631F4BE79A00350006 = {
			isa = PBXGroup;
			children = (
				4F8D216E1F4BE79A00350006 /* podcastApp */,
				4F8D21831F4BE79A00350006 /* podcastAppTests */,
				4F8D218E1F4BE79B00350006 /* podcastAppUITests */,
				4F8D216D1F4BE79A00350006 /* Products */,
			);
			sourceTree = "<group>";
		};
		4F8D216D1F4BE79A00350006 /* Products */ = {
			isa = PBXGroup;
			children = (
				4F8D216C1F4BE79A00350006 /* podcastApp.app */,
				4F8D21801F4BE79A00350006 /* podcastAppTests.xctest */,
				4F8D218B1F4BE79B00350006 /* podcastAppUITests.xctest */,
			);
			name = Products;
			sourceTree = "<group>";
		};
		4F8D216E1F4BE79A00350006 /* podcastApp */ = {
			isa = PBXGroup;
			children = (
				4F8D216F1F4BE79A00350006 /* AppDelegate.swift */,
				4F8D21711F4BE79A00350006 /* ViewController.swift */,
				4F8D21731F4BE79A00350006 /* Main.storyboard */,
				4F8D21761F4BE79A00350006 /* Assets.xcassets */,
				4F8D21781F4BE79A00350006 /* LaunchScreen.storyboard */,
				4F8D217B1F4BE79A00350006 /* Info.plist */,
			);
			path = podcastApp;
			sourceTree = "<group>";
		};
		4F8D21831F4BE79A00350006 /* podcastAppTests */ = {
			isa = PBXGroup;
			children = (
				4F8D21841F4BE79B00350006 /* podcastAppTests.swift */,
				4F8D21861F4BE79B00350006 /* Info.plist */,
			);
			path = podcastAppTests;
			sourceTree = "<group>";
		};
		4F8D218E1F4BE79B00350006 /* podcastAppUITests */ = {
			isa = PBXGroup;
			children = (
				4F8D218F1F4BE79B00350006 /* podcastAppUITests.swift */,
				4F8D21911F4BE79B00350006 /* Info.plist */,
			);
			path = podcastAppUITests;
			sourceTree = "<group>";
		};
/* End PBXGroup section */

/* Begin PBXNativeTarget section */
		4F8D216B1F4BE79A00350006 /* podcastApp */ = {
			isa = PBXNativeTarget;
			buildConfigurationList = 4F8D21941F4BE79B00350006 /* Build configuration list for PBXNativeTarget "podcastApp" */;
			buildPhases = (
				4F8D21681F4BE79A00350006 /* Sources */,
				4F8D21691F4BE79A00350006 /* Frameworks */,
				4F8D216A1F4BE79A00350006 /* Resources */,
			);
			buildRules = (
			);
			dependencies = (
			);
			name = podcastApp;
			productName = podcastApp;
			productReference = 4F8D216C1F4BE79A00350006 /* podcastApp.app */;
			productType = "com.apple.product-type.application";
		};
		4F8D217F1F4BE79A00350006 /* podcastAppTests */ = {
			isa = PBXNativeTarget;
			buildConfigurationList = 4F8D21971F4BE79B00350006 /* Build configuration list for PBXNativeTarget "podcastAppTests" */;
			buildPhases = (
				4F8D217C1F4BE79A00350006 /* Sources */,
				4F8D217D1F4BE79A00350006 /* Frameworks */,
				4F8D217E1F4BE79A00350006 /* Resources */,
			);
			buildRules = (
			);
			dependencies = (
				4F8D21821F4BE79A00350006 /* PBXTargetDependency */,
			);
			name = podcastAppTests;
			productName = podcastAppTests;
			productReference = 4F8D21801F4BE79A00350006 /* podcastAppTests.xctest */;
			productType = "com.apple.product-type.bundle.unit-test";
		};
		4F8D218A1F4BE79B00350006 /* podcastAppUITests */ = {
			isa = PBXNativeTarget;
			buildConfigurationList = 4F8D219A1F4BE79B00350006 /* Build configuration list for PBXNativeTarget "podcastAppUITests" */;
			buildPhases = (
				4F8D21871F4BE79B00350006 /* Sources */,
				4F8D21881F4BE79B00350006 /* Frameworks */,
				4F8D21891F4BE79B00350006 /* Resources */,
			);
			buildRules = (
			);
			dependencies = (
				4F8D218D1F4BE79B00350006 /* PBXTargetDependency */,
			);
			name = podcastAppUITests;
			productName = podcastAppUITests;
			productReference = 4F8D218B1F4BE79B00350006 /* podcastAppUITests.xctest */;
			productType = "com.apple.product-type.bundle.ui-testing";
		};
/* End PBXNativeTarget section */

/* Begin PBXProject section */
		4F8D21641F4BE79A00350006 /* Project object */ = {
			isa = PBXProject;
			attributes = {
				LastSwiftUpdateCheck = 0830;
				LastUpgradeCheck = 0830;
				ORGANIZATIONNAME = "omar arenas landgrave";
				TargetAttributes = {
					4F8D216B1F4BE79A00350006 = {
						CreatedOnToolsVersion = 8.3.3;
						DevelopmentTeam = M3GACR4R67;
						ProvisioningStyle = Automatic;
					};
					4F8D217F1F4BE79A00350006 = {
						CreatedOnToolsVersion = 8.3.3;
						DevelopmentTeam = M3GACR4R67;
						ProvisioningStyle = Automatic;
						TestTargetID = 4F8D216B1F4BE79A00350006;
					};
					4F8D218A1F4BE79B00350006 = {
						CreatedOnToolsVersion = 8.3.3;
						DevelopmentTeam = M3GACR4R67;
						ProvisioningStyle = Automatic;
						TestTargetID = 4F8D216B1F4BE79A00350006;
					};
				};
			};
			buildConfigurationList = 4F8D21671F4BE79A00350006 /* Build configuration list for PBXProject "podcastApp" */;
			compatibilityVersion = "Xcode 3.2";
			developmentRegion = English;
			hasScannedForEncodings = 0;
			knownRegions = (
				en,
				Base,
			);
			mainGroup = 4F8D21631F4BE79A00350006;
			productRefGroup = 4F8D216D1F4BE79A00350006 /* Products */;
			projectDirPath = "";
			projectRoot = "";
			targets = (
				4F8D216B1F4BE79A00350006 /* podcastApp */,
				4F8D217F1F4BE79A00350006 /* podcastAppTests */,
				4F8D218A1F4BE79B00350006 /* podcastAppUITests */,
			);
		};
/* End PBXProject section */

/* Begin PBXResourcesBuildPhase section */
		4F8D216A1F4BE79A00350006 /* Resources */ = {
			isa = PBXResourcesBuildPhase;
			buildActionMask = 2147483647;
			files = (
				4F8D217A1F4BE79A00350006 /* LaunchScreen.storyboard in Resources */,
				4F8D21771F4BE79A00350006 /* Assets.xcassets in Resources */,
				4F8D21751F4BE79A00350006 /* Main.storyboard in Resources */,
			);
			runOnlyForDeploymentPostprocessing = 0;
		};
		4F8D217E1F4BE79A00350006 /* Resources */ = {
			isa = PBXResourcesBuildPhase;
			buildActionMask = 2147483647;
			files = (
			);
			runOnlyForDeploymentPostprocessing = 0;
		};
		4F8D21891F4BE79B00350006 /* Resources */ = {
			isa = PBXResourcesBuildPhase;
			buildActionMask = 2147483647;
			files = (
			);
			runOnlyForDeploymentPostprocessing = 0;
		};
/* End PBXResourcesBuildPhase section */

/* Begin PBXSourcesBuildPhase section */
		4F8D21681F4BE79A00350006 /* Sources */ = {
			isa = PBXSourcesBuildPhase;
			buildActionMask = 2147483647;
			files = (
				4F8D21721F4BE79A00350006 /* ViewController.swift in Sources */,
				4F8D21701F4BE79A00350006 /* AppDelegate.swift in Sources */,
			);
			runOnlyForDeploymentPostprocessing = 0;
		};
		4F8D217C1F4BE79A00350006 /* Sources */ = {
			isa = PBXSourcesBuildPhase;
			buildActionMask = 2147483647;
			files = (
				4F8D21851F4BE79B00350006 /* podcastAppTests.swift in Sources */,
			);
			runOnlyForDeploymentPostprocessing = 0;
		};
		4F8D21871F4BE79B00350006 /* Sources */ = {
			isa = PBXSourcesBuildPhase;
			buildActionMask = 2147483647;
			files = (
				4F8D21901F4BE79B00350006 /* podcastAppUITests.swift in Sources */,
			);
			runOnlyForDeploymentPostprocessing = 0;
		};
/* End PBXSourcesBuildPhase section */

/* Begin PBXTargetDependency section */
		4F8D21821F4BE79A00350006 /* PBXTargetDependency */ = {
			isa = PBXTargetDependency;
			target = 4F8D216B1F4BE79A00350006 /* podcastApp */;
			targetProxy = 4F8D21811F4BE79A00350006 /* PBXContainerItemProxy */;
		};
		4F8D218D1F4BE79B00350006 /* PBXTargetDependency */ = {
			isa = PBXTargetDependency;
			target = 4F8D216B1F4BE79A00350006 /* podcastApp */;
			targetProxy = 4F8D218C1F4BE79B00350006 /* PBXContainerItemProxy */;
		};
/* End PBXTargetDependency section */

/* Begin PBXVariantGroup section */
		4F8D21731F4BE79A00350006 /* Main.storyboard */ = {
			isa = PBXVariantGroup;
			children = (
				4F8D21741F4BE79A00350006 /* Base */,
			);
			name = Main.storyboard;
			sourceTree = "<group>";
		};
		4F8D21781F4BE79A00350006 /* LaunchScreen.storyboard */ = {
			isa = PBXVariantGroup;
			children = (
				4F8D21791F4BE79A00350006 /* Base */,
			);
			name = LaunchScreen.storyboard;
			sourceTree = "<group>";
		};
/* End PBXVariantGroup section */

/* Begin XCBuildConfiguration section */
		4F8D21921F4BE79B00350006 /* Debug */ = {
			isa = XCBuildConfiguration;
			buildSettings = {
				ALWAYS_SEARCH_USER_PATHS = NO;
				CLANG_ANALYZER_NONNULL = YES;
				CLANG_ANALYZER_NUMBER_OBJECT_CONVERSION = YES_AGGRESSIVE;
				CLANG_CXX_LANGUAGE_STANDARD = "gnu++0x";
				CLANG_CXX_LIBRARY = "libc++";
				CLANG_ENABLE_MODULES = YES;
				CLANG_ENABLE_OBJC_ARC = YES;
				CLANG_WARN_BOOL_CONVERSION = YES;
				CLANG_WARN_CONSTANT_CONVERSION = YES;
				CLANG_WARN_DIRECT_OBJC_ISA_USAGE = YES_ERROR;
				CLANG_WARN_DOCUMENTATION_COMMENTS = YES;
				CLANG_WARN_EMPTY_BODY = YES;
				CLANG_WARN_ENUM_CONVERSION = YES;
				CLANG_WARN_INFINITE_RECURSION = YES;
				CLANG_WARN_INT_CONVERSION = YES;
				CLANG_WARN_OBJC_ROOT_CLASS = YES_ERROR;
				CLANG_WARN_SUSPICIOUS_MOVE = YES;
				CLANG_WARN_UNREACHABLE_CODE = YES;
				CLANG_WARN__DUPLICATE_METHOD_MATCH = YES;
				"CODE_SIGN_IDENTITY[sdk=iphoneos*]" = "iPhone Developer";
				COPY_PHASE_STRIP = NO;
				DEBUG_INFORMATION_FORMAT = dwarf;
				ENABLE_STRICT_OBJC_MSGSEND = YES;
				ENABLE_TESTABILITY = YES;
				GCC_C_LANGUAGE_STANDARD = gnu99;
				GCC_DYNAMIC_NO_PIC = NO;
				GCC_NO_COMMON_BLOCKS = YES;
				GCC_OPTIMIZATION_LEVEL = 0;
				GCC_PREPROCESSOR_DEFINITIONS = (
					"DEBUG=1",
					"$(inherited)",
				);
				GCC_WARN_64_TO_32_BIT_CONVERSION = YES;
				GCC_WARN_ABOUT_RETURN_TYPE = YES_ERROR;
				GCC_WARN_UNDECLARED_SELECTOR = YES;
				GCC_WARN_UNINITIALIZED_AUTOS = YES_AGGRESSIVE;
				GCC_WARN_UNUSED_FUNCTION = YES;
				GCC_WARN_UNUSED_VARIABLE = YES;
				IPHONEOS_DEPLOYMENT_TARGET = 10.3;
				MTL_ENABLE_DEBUG_INFO = YES;
				ONLY_ACTIVE_ARCH = YES;
				SDKROOT = iphoneos;
				SWIFT_ACTIVE_COMPILATION_CONDITIONS = DEBUG;
				SWIFT_OPTIMIZATION_LEVEL = "-Onone";
				TARGETED_DEVICE_FAMILY = "1,2";
			};
			name = Debug;
		};
		4F8D21931F4BE79B00350006 /* Release */ = {
			isa = XCBuildConfiguration;
			buildSettings = {
				ALWAYS_SEARCH_USER_PATHS = NO;
				CLANG_ANALYZER_NONNULL = YES;
				CLANG_ANALYZER_NUMBER_OBJECT_CONVERSION = YES_AGGRESSIVE;
				CLANG_CXX_LANGUAGE_STANDARD = "gnu++0x";
				CLANG_CXX_LIBRARY = "libc++";
				CLANG_ENABLE_MODULES = YES;
				CLANG_ENABLE_OBJC_ARC = YES;
				CLANG_WARN_BOOL_CONVERSION = YES;
				CLANG_WARN_CONSTANT_CONVERSION = YES;
				CLANG_WARN_DIRECT_OBJC_ISA_USAGE = YES_ERROR;
				CLANG_WARN_DOCUMENTATION_COMMENTS = YES;
				CLANG_WARN_EMPTY_BODY = YES;
				CLANG_WARN_ENUM_CONVERSION = YES;
				CLANG_WARN_INFINITE_RECURSION = YES;
				CLANG_WARN_INT_CONVERSION = YES;
				CLANG_WARN_OBJC_ROOT_CLASS = YES_ERROR;
				CLANG_WARN_SUSPICIOUS_MOVE = YES;
				CLANG_WARN_UNREACHABLE_CODE = YES;
				CLANG_WARN__DUPLICATE_METHOD_MATCH = YES;
				"CODE_SIGN_IDENTITY[sdk=iphoneos*]" = "iPhone Developer";
				COPY_PHASE_STRIP = NO;
				DEBUG_INFORMATION_FORMAT = "dwarf-with-dsym";
				ENABLE_NS_ASSERTIONS = NO;
				ENABLE_STRICT_OBJC_MSGSEND = YES;
				GCC_C_LANGUAGE_STANDARD = gnu99;
				GCC_NO_COMMON_BLOCKS = YES;
				GCC_WARN_64_TO_32_BIT_CONVERSION = YES;
				GCC_WARN_ABOUT_RETURN_TYPE = YES_ERROR;
				GCC_WARN_UNDECLARED_SELECTOR = YES;
				GCC_WARN_UNINITIALIZED_AUTOS = YES_AGGRESSIVE;
				GCC_WARN_UNUSED_FUNCTION = YES;
				GCC_WARN_UNUSED_VARIABLE = YES;
				IPHONEOS_DEPLOYMENT_TARGET = 10.3;
				MTL_ENABLE_DEBUG_INFO = NO;
				SDKROOT = iphoneos;
				SWIFT_OPTIMIZATION_LEVEL = "-Owholemodule";
				TARGETED_DEVICE_FAMILY = "1,2";
				VALIDATE_PRODUCT = YES;
			};
			name = Release;
		};
		4F8D21951F4BE79B00350006 /* Debug */ = {
			isa = XCBuildConfiguration;
			buildSettings = {
				ASSETCATALOG_COMPILER_APPICON_NAME = AppIcon;
				DEVELOPMENT_TEAM = M3GACR4R67;
				INFOPLIST_FILE = podcastApp/Info.plist;
				LD_RUNPATH_SEARCH_PATHS = "$(inherited) @executable_path/Frameworks";
				PRODUCT_BUNDLE_IDENTIFIER = mineArLand.podcastApp;
				PRODUCT_NAME = "$(TARGET_NAME)";
				SWIFT_VERSION = 3.0;
			};
			name = Debug;
		};
		4F8D21961F4BE79B00350006 /* Release */ = {
			isa = XCBuildConfiguration;
			buildSettings = {
				ASSETCATALOG_COMPILER_APPICON_NAME = AppIcon;
				DEVELOPMENT_TEAM = M3GACR4R67;
				INFOPLIST_FILE = podcastApp/Info.plist;
				LD_RUNPATH_SEARCH_PATHS = "$(inherited) @executable_path/Frameworks";
				PRODUCT_BUNDLE_IDENTIFIER = mineArLand.podcastApp;
				PRODUCT_NAME = "$(TARGET_NAME)";
				SWIFT_VERSION = 3.0;
			};
			name = Release;
		};
		4F8D21981F4BE79B00350006 /* Debug */ = {
			isa = XCBuildConfiguration;
			buildSettings = {
				ALWAYS_EMBED_SWIFT_STANDARD_LIBRARIES = YES;
				BUNDLE_LOADER = "$(TEST_HOST)";
				DEVELOPMENT_TEAM = M3GACR4R67;
				INFOPLIST_FILE = podcastAppTests/Info.plist;
				LD_RUNPATH_SEARCH_PATHS = "$(inherited) @executable_path/Frameworks @loader_path/Frameworks";
				PRODUCT_BUNDLE_IDENTIFIER = mineArLand.podcastAppTests;
				PRODUCT_NAME = "$(TARGET_NAME)";
				SWIFT_VERSION = 3.0;
				TEST_HOST = "$(BUILT_PRODUCTS_DIR)/podcastApp.app/podcastApp";
			};
			name = Debug;
		};
		4F8D21991F4BE79B00350006 /* Release */ = {
			isa = XCBuildConfiguration;
			buildSettings = {
				ALWAYS_EMBED_SWIFT_STANDARD_LIBRARIES = YES;
				BUNDLE_LOADER = "$(TEST_HOST)";
				DEVELOPMENT_TEAM = M3GACR4R67;
				INFOPLIST_FILE = podcastAppTests/Info.plist;
				LD_RUNPATH_SEARCH_PATHS = "$(inherited) @executable_path/Frameworks @loader_path/Frameworks";
				PRODUCT_BUNDLE_IDENTIFIER = mineArLand.podcastAppTests;
				PRODUCT_NAME = "$(TARGET_NAME)";
				SWIFT_VERSION = 3.0;
				TEST_HOST = "$(BUILT_PRODUCTS_DIR)/podcastApp.app/podcastApp";
			};
			name = Release;
		};
		4F8D219B1F4BE79B00350006 /* Debug */ = {
			isa = XCBuildConfiguration;
			buildSettings = {
				ALWAYS_EMBED_SWIFT_STANDARD_LIBRARIES = YES;
				DEVELOPMENT_TEAM = M3GACR4R67;
				INFOPLIST_FILE = podcastAppUITests/Info.plist;
				LD_RUNPATH_SEARCH_PATHS = "$(inherited) @executable_path/Frameworks @loader_path/Frameworks";
				PRODUCT_BUNDLE_IDENTIFIER = mineArLand.podcastAppUITests;
				PRODUCT_NAME = "$(TARGET_NAME)";
				SWIFT_VERSION = 3.0;
				TEST_TARGET_NAME = podcastApp;
			};
			name = Debug;
		};
		4F8D219C1F4BE79B00350006 /* Release */ = {
			isa = XCBuildConfiguration;
			buildSettings = {
				ALWAYS_EMBED_SWIFT_STANDARD_LIBRARIES = YES;
				DEVELOPMENT_TEAM = M3GACR4R67;
				INFOPLIST_FILE = podcastAppUITests/Info.plist;
				LD_RUNPATH_SEARCH_PATHS = "$(inherited) @executable_path/Frameworks @loader_path/Frameworks";
				PRODUCT_BUNDLE_IDENTIFIER = mineArLand.podcastAppUITests;
				PRODUCT_NAME = "$(TARGET_NAME)";
				SWIFT_VERSION = 3.0;
				TEST_TARGET_NAME = podcastApp;
			};
			name = Release;
		};
/* End XCBuildConfiguration section */

/* Begin XCConfigurationList section */
		4F8D21671F4BE79A00350006 /* Build configuration list for PBXProject "podcastApp" */ = {
			isa = XCConfigurationList;
			buildConfigurations = (
				4F8D21921F4BE79B00350006 /* Debug */,
				4F8D21931F4BE79B00350006 /* Release */,
			);
			defaultConfigurationIsVisible = 0;
			defaultConfigurationName = Release;
		};
		4F8D21941F4BE79B00350006 /* Build configuration list for PBXNativeTarget "podcastApp" */ = {
			isa = XCConfigurationList;
			buildConfigurations = (
				4F8D21951F4BE79B00350006 /* Debug */,
				4F8D21961F4BE79B00350006 /* Release */,
			);
			defaultConfigurationIsVisible = 0;
		};
		4F8D21971F4BE79B00350006 /* Build configuration list for PBXNativeTarget "podcastAppTests" */ = {
			isa = XCConfigurationList;
			buildConfigurations = (
				4F8D21981F4BE79B00350006 /* Debug */,
				4F8D21991F4BE79B00350006 /* Release */,
			);
			defaultConfigurationIsVisible = 0;
		};
		4F8D219A1F4BE79B00350006 /* Build configuration list for PBXNativeTarget "podcastAppUITests" */ = {
			isa = XCConfigurationList;
			buildConfigurations = (
				4F8D219B1F4BE79B00350006 /* Debug */,
				4F8D219C1F4BE79B00350006 /* Release */,
			);
			defaultConfigurationIsVisible = 0;
		};
/* End XCConfigurationList section */
	};
	rootObject = 4F8D21641F4BE79A00350006 /* Project object */;
}
